<?xml version="1.0" encoding="utf-8"?>
<Project ToolsVersion="4.0" xmlns="http://schemas.microsoft.com/developer/msbuild/2003">
  <ItemGroup>
    <Filter Include="Source Files">
      <UniqueIdentifier>{4FC737F1-C7A5-4376-A066-2A32D752A2FF}</UniqueIdentifier>
      <Extensions>cpp;c;cc;cxx;c++;cppm;ixx;def;odl;idl;hpj;bat;asm;asmx</Extensions>
    </Filter>
    <Filter Include="Header Files">
      <UniqueIdentifier>{93995380-89BD-4b04-88EB-625FBE52EBFB}</UniqueIdentifier>
      <Extensions>h;hh;hpp;hxx;h++;hm;inl;inc;ipp;xsd</Extensions>
    </Filter>
    <Filter Include="Resource Files">
      <UniqueIdentifier>{67DA6AB6-F800-4c08-8B7A-83BB121AAD01}</UniqueIdentifier>
      <Extensions>rc;ico;cur;bmp;dlg;rc2;rct;bin;rgs;gif;jpg;jpeg;jpe;resx;tiff;tif;png;wav;mfcribbon-ms</Extensions>
    </Filter>
  </ItemGroup>
  <ItemGroup>
    <ClCompile Include="ManageSocket.cpp">
      <Filter>Source Files</Filter>
    </ClCompile>
    <ClCompile Include="HttpContext.cpp">
      <Filter>Source Files</Filter>
    </ClCompile>
    <ClCompile Include="HttpRequest.cpp">
      <Filter>Source Files</Filter>
    </ClCompile>
    <ClCompile Include="HttpResponse.cpp">
      <Filter>Source Files</Filter>
    </ClCompile>
    <ClCompile Include="Constants.cpp">
      <Filter>Source Files</Filter>
    </ClCompile>
    <ClCompile Include="BaseController.cpp">
      <Filter>Source Files</Filter>
    </ClCompile>
    <ClCompile Include="LoginController.cpp">
      <Filter>Source Files</Filter>
    </ClCompile>
    <ClCompile Include="main.cpp">
      <Filter>Source Files</Filter>
    </ClCompile>
    <ClCompile Include="sqlite3.c">
      <Filter>Source Files</Filter>
    </ClCompile>
    <ClCompile Include="DashboardController.cpp">
      <Filter>Source Files</Filter>
    </ClCompile>
    <ClCompile Include="FrontController.cpp">
      <Filter>Source Files</Filter>
    </ClCompile>
    <ClCompile Include="RegistrationController.cpp">
      <Filter>Source Files</Filter>
    </ClCompile>
    <ClCompile Include="MasterController.cpp">
      <Filter>Source Files</Filter>
    </ClCompile>
    <ClCompile Include="DbUtility.cpp">
      <Filter>Source Files</Filter>
    </ClCompile>
    <ClCompile Include="ItemAndGoodsController.cpp">
      <Filter>Source Files</Filter>
    </ClCompile>
    <ClCompile Include="metacontainer.cpp">
      <Filter>Source Files</Filter>
    </ClCompile>
    <ClCompile Include="FormDataContainer.cpp">
      <Filter>Source Files</Filter>
    </ClCompile>
    <ClCompile Include="FileManager.cpp">
      <Filter>Source Files</Filter>
    </ClCompile>
    <ClCompile Include="ReportsController.cpp">
      <Filter>Source Files</Filter>
    </ClCompile>
  </ItemGroup>
  <ItemGroup>
    <ClInclude Include="ManageSocket.h">
      <Filter>Header Files</Filter>
    </ClInclude>
    <ClInclude Include="HttpContext.h">
      <Filter>Header Files</Filter>
    </ClInclude>
    <ClInclude Include="HttpRequest.h">
      <Filter>Header Files</Filter>
    </ClInclude>
    <ClInclude Include="HttpResponse.h">
      <Filter>Header Files</Filter>
    </ClInclude>
    <ClInclude Include="Constants.h">
      <Filter>Header Files</Filter>
    </ClInclude>
    <ClInclude Include="BaseController.h">
      <Filter>Header Files</Filter>
    </ClInclude>
    <ClInclude Include="LoginController.h">
      <Filter>Header Files</Filter>
    </ClInclude>
    <ClInclude Include="DashboardController.h">
      <Filter>Header Files</Filter>
    </ClInclude>
    <ClInclude Include="FrontController.h">
      <Filter>Header Files</Filter>
    </ClInclude>
    <ClInclude Include="RegistrationController.h">
      <Filter>Header Files</Filter>
    </ClInclude>
    <ClInclude Include="MasterController.h">
      <Filter>Header Files</Filter>
    </ClInclude>
    <ClInclude Include="DbUtility.h">
      <Filter>Header Files</Filter>
    </ClInclude>
    <ClInclude Include="ItemAndGoodsController.h">
      <Filter>Header Files</Filter>
    </ClInclude>
    <ClInclude Include="FormDataContainer.h">
      <Filter>Header Files</Filter>
    </ClInclude>
    <ClInclude Include="FileManager.h">
      <Filter>Header Files</Filter>
    </ClInclude>
    <ClInclude Include="ReportsController.h">
      <Filter>Header Files</Filter>
    </ClInclude>
  </ItemGroup>
  <ItemGroup>
    <None Include="packages.config" />
    <None Include="procedures.json" />
  </ItemGroup>
</Project>